
Microsoft Visual Studio Solution File, Format Version 12.00
# Visual Studio 15
VisualStudioVersion = 15.0.27428.2011
MinimumVisualStudioVersion = 10.0.40219.1
Project("{8BC9CEB8-8B4A-11D0-8D11-00A0C91BC942}") = "OmniTracking", "OmniTracking\OmniTracking.vcxproj", "{04843B44-1D55-42F1-BF64-92ABCEFBF44C}"
EndProject
Global
	GlobalSection(SolutionConfigurationPlatforms) = preSolution
		Debug|x64 = Debug|x64
		Debug|x86 = Debug|x86
		Release|x64 = Release|x64
		Release|x86 = Release|x86
	EndGlobalSection
	GlobalSection(ProjectConfigurationPlatforms) = postSolution
		{04843B44-1D55-42F1-BF64-92ABCEFBF44C}.Debug|x64.ActiveCfg = Debug|x64
		{04843B44-1D55-42F1-BF64-92ABCEFBF44C}.Debug|x64.Build.0 = Debug|x64
		{04843B44-1D55-42F1-BF64-92ABCEFBF44C}.Debug|x86.ActiveCfg = Debug|Win32
		{04843B44-1D55-42F1-BF64-92ABCEFBF44C}.Debug|x86.Build.0 = Debug|Win32
		{04843B44-1D55-42F1-BF64-92ABCEFBF44C}.Release|x64.ActiveCfg = Release|x64
		{04843B44-1D55-42F1-BF64-92ABCEFBF44C}.Release|x64.Build.0 = Release|x64
		{04843B44-1D55-42F1-BF64-92ABCEFBF44C}.Release|x86.ActiveCfg = Release|Win32
		{04843B44-1D55-42F1-BF64-92ABCEFBF44C}.Release|x86.Build.0 = Release|Win32
	EndGlobalSection
	GlobalSection(SolutionProperties) = preSolution
		HideSolutionNode = FALSE
	EndGlobalSection
	GlobalSection(ExtensibilityGlobals) = postSolution
		SolutionGuid = {4F9E806B-1E70-44FA-A8B5-FE7F2EC860EC}
	EndGlobalSection
EndGlobal
